
Microsoft Visual Studio Solution File, Format Version 12.00
# Visual Studio 15
VisualStudioVersion = 15.0.28307.539
MinimumVisualStudioVersion = 10.0.40219.1
Project("{FAE04EC0-301F-11D3-BF4B-00C04F79EFBC}") = "EventDemo1", "EventDemo1\EventDemo1.csproj", "{3A80D61F-C877-42F2-A697-7BC6FE52D0EC}"
EndProject
Global
	GlobalSection(SolutionConfigurationPlatforms) = preSolution
		Debug|Any CPU = Debug|Any CPU
		Release|Any CPU = Release|Any CPU
	EndGlobalSection
	GlobalSection(ProjectConfigurationPlatforms) = postSolution
		{3A80D61F-C877-42F2-A697-7BC6FE52D0EC}.Debug|Any CPU.ActiveCfg = Debug|Any CPU
		{3A80D61F-C877-42F2-A697-7BC6FE52D0EC}.Debug|Any CPU.Build.0 = Debug|Any CPU
		{3A80D61F-C877-42F2-A697-7BC6FE52D0EC}.Release|Any CPU.ActiveCfg = Release|Any CPU
		{3A80D61F-C877-42F2-A697-7BC6FE52D0EC}.Release|Any CPU.Build.0 = Release|Any CPU
	EndGlobalSection
	GlobalSection(SolutionProperties) = preSolution
		HideSolutionNode = FALSE
	EndGlobalSection
	GlobalSection(ExtensibilityGlobals) = postSolution
		SolutionGuid = {325F0C86-4DEF-46A4-899B-E80CBAEB57B0}
	EndGlobalSection
EndGlobal
